
Microsoft Visual Studio Solution File, Format Version 12.00
# Visual Studio Version 17
VisualStudioVersion = 17.0.31903.59
MinimumVisualStudioVersion = 10.0.40219.1
Project("{FAE04EC0-301F-11D3-BF4B-00C04F79EFBC}") = "CSharpEveryDayPracticeScript", "CSharpEveryDayPracticeScript\CSharpEveryDayPracticeScript.csproj", "{D36858DD-CD5D-43AD-B4DF-7D4B6E3CC80E}"
EndProject
Global
	GlobalSection(SolutionConfigurationPlatforms) = preSolution
		Debug|Any CPU = Debug|Any CPU
		Release|Any CPU = Release|Any CPU
	EndGlobalSection
	GlobalSection(SolutionProperties) = preSolution
		HideSolutionNode = FALSE
	EndGlobalSection
	GlobalSection(ProjectConfigurationPlatforms) = postSolution
		{D36858DD-CD5D-43AD-B4DF-7D4B6E3CC80E}.Debug|Any CPU.ActiveCfg = Debug|Any CPU
		{D36858DD-CD5D-43AD-B4DF-7D4B6E3CC80E}.Debug|Any CPU.Build.0 = Debug|Any CPU
		{D36858DD-CD5D-43AD-B4DF-7D4B6E3CC80E}.Release|Any CPU.ActiveCfg = Release|Any CPU
		{D36858DD-CD5D-43AD-B4DF-7D4B6E3CC80E}.Release|Any CPU.Build.0 = Release|Any CPU
	EndGlobalSection
EndGlobal
